// !$*UTF8*$!
{
	archiveVersion = 1;
	classes = {
	};
	objectVersion = 56;
	objects = {

/* Begin PBXBuildFile section */
		AC6338BF29AD5520009C073D /* AppDelegate.swift in Sources */ = {isa = PBXBuildFile; fileRef = AC6338BE29AD5520009C073D /* AppDelegate.swift */; };
		AC6338C129AD5520009C073D /* SceneDelegate.swift in Sources */ = {isa = PBXBuildFile; fileRef = AC6338C029AD5520009C073D /* SceneDelegate.swift */; };
		AC6338C329AD5520009C073D /* GameSceneViewController.swift in Sources */ = {isa = PBXBuildFile; fileRef = AC6338C229AD5520009C073D /* GameSceneViewController.swift */; };
		AC6338C629AD5520009C073D /* Main.storyboard in Resources */ = {isa = PBXBuildFile; fileRef = AC6338C429AD5520009C073D /* Main.storyboard */; };
		AC6338C829AD5521009C073D /* Assets.xcassets in Resources */ = {isa = PBXBuildFile; fileRef = AC6338C729AD5521009C073D /* Assets.xcassets */; };
		AC6338CB29AD5522009C073D /* LaunchScreen.storyboard in Resources */ = {isa = PBXBuildFile; fileRef = AC6338C929AD5522009C073D /* LaunchScreen.storyboard */; };
		AC6338D629AD5522009C073D /* MatchEmSceneTests.swift in Sources */ = {isa = PBXBuildFile; fileRef = AC6338D529AD5522009C073D /* MatchEmSceneTests.swift */; };
		AC6338E029AD5522009C073D /* MatchEmSceneUITests.swift in Sources */ = {isa = PBXBuildFile; fileRef = AC6338DF29AD5522009C073D /* MatchEmSceneUITests.swift */; };
		AC6338E229AD5522009C073D /* MatchEmSceneUITestsLaunchTests.swift in Sources */ = {isa = PBXBuildFile; fileRef = AC6338E129AD5522009C073D /* MatchEmSceneUITestsLaunchTests.swift */; };
		AC6338EF29AD5566009C073D /* Utility.swift in Sources */ = {isa = PBXBuildFile; fileRef = AC6338EE29AD5566009C073D /* Utility.swift */; };
/* End PBXBuildFile section */

/* Begin PBXContainerItemProxy section */
		AC6338D229AD5522009C073D /* PBXContainerItemProxy */ = {
			isa = PBXContainerItemProxy;
			containerPortal = AC6338B329AD5520009C073D /* Project object */;
			proxyType = 1;
			remoteGlobalIDString = AC6338BA29AD5520009C073D;
			remoteInfo = MatchEmScene;
		};
		AC6338DC29AD5522009C073D /* PBXContainerItemProxy */ = {
			isa = PBXContainerItemProxy;
			containerPortal = AC6338B329AD5520009C073D /* Project object */;
			proxyType = 1;
			remoteGlobalIDString = AC6338BA29AD5520009C073D;
			remoteInfo = MatchEmScene;
		};
/* End PBXContainerItemProxy section */

/* Begin PBXFileReference section */
		AC6338BB29AD5520009C073D /* MatchEmScene.app */ = {isa = PBXFileReference; explicitFileType = wrapper.application; includeInIndex = 0; path = MatchEmScene.app; sourceTree = BUILT_PRODUCTS_DIR; };
		AC6338BE29AD5520009C073D /* AppDelegate.swift */ = {isa = PBXFileReference; lastKnownFileType = sourcecode.swift; path = AppDelegate.swift; sourceTree = "<group>"; };
		AC6338C029AD5520009C073D /* SceneDelegate.swift */ = {isa = PBXFileReference; lastKnownFileType = sourcecode.swift; path = SceneDelegate.swift; sourceTree = "<group>"; };
		AC6338C229AD5520009C073D /* GameSceneViewController.swift */ = {isa = PBXFileReference; lastKnownFileType = sourcecode.swift; path = GameSceneViewController.swift; sourceTree = "<group>"; };
		AC6338C529AD5520009C073D /* Base */ = {isa = PBXFileReference; lastKnownFileType = file.storyboard; name = Base; path = Base.lproj/Main.storyboard; sourceTree = "<group>"; };
		AC6338C729AD5521009C073D /* Assets.xcassets */ = {isa = PBXFileReference; lastKnownFileType = folder.assetcatalog; path = Assets.xcassets; sourceTree = "<group>"; };
		AC6338CA29AD5522009C073D /* Base */ = {isa = PBXFileReference; lastKnownFileType = file.storyboard; name = Base; path = Base.lproj/LaunchScreen.storyboard; sourceTree = "<group>"; };
		AC6338CC29AD5522009C073D /* Info.plist */ = {isa = PBXFileReference; lastKnownFileType = text.plist.xml; path = Info.plist; sourceTree = "<group>"; };
		AC6338D129AD5522009C073D /* MatchEmSceneTests.xctest */ = {isa = PBXFileReference; explicitFileType = wrapper.cfbundle; includeInIndex = 0; path = MatchEmSceneTests.xctest; sourceTree = BUILT_PRODUCTS_DIR; };
		AC6338D529AD5522009C073D /* MatchEmSceneTests.swift */ = {isa = PBXFileReference; lastKnownFileType = sourcecode.swift; path = MatchEmSceneTests.swift; sourceTree = "<group>"; };
		AC6338DB29AD5522009C073D /* MatchEmSceneUITests.xctest */ = {isa = PBXFileReference; explicitFileType = wrapper.cfbundle; includeInIndex = 0; path = MatchEmSceneUITests.xctest; sourceTree = BUILT_PRODUCTS_DIR; };
		AC6338DF29AD5522009C073D /* MatchEmSceneUITests.swift */ = {isa = PBXFileReference; lastKnownFileType = sourcecode.swift; path = MatchEmSceneUITests.swift; sourceTree = "<group>"; };
		AC6338E129AD5522009C073D /* MatchEmSceneUITestsLaunchTests.swift */ = {isa = PBXFileReference; lastKnownFileType = sourcecode.swift; path = MatchEmSceneUITestsLaunchTests.swift; sourceTree = "<group>"; };
		AC6338EE29AD5566009C073D /* Utility.swift */ = {isa = PBXFileReference; lastKnownFileType = sourcecode.swift; path = Utility.swift; sourceTree = "<group>"; };
/* End PBXFileReference section */

/* Begin PBXFrameworksBuildPhase section */
		AC6338B829AD5520009C073D /* Frameworks */ = {
			isa = PBXFrameworksBuildPhase;
			buildActionMask = 2147483647;
			files = (
			);
			runOnlyForDeploymentPostprocessing = 0;
		};
		AC6338CE29AD5522009C073D /* Frameworks */ = {
			isa = PBXFrameworksBuildPhase;
			buildActionMask = 2147483647;
			files = (
			);
			runOnlyForDeploymentPostprocessing = 0;
		};
		AC6338D829AD5522009C073D /* Frameworks */ = {
			isa = PBXFrameworksBuildPhase;
			buildActionMask = 2147483647;
			files = (
			);
			runOnlyForDeploymentPostprocessing = 0;
		};
/* End PBXFrameworksBuildPhase section */

/* Begin PBXGroup section */
		AC6338B229AD5520009C073D = {
			isa = PBXGroup;
			children = (
				AC6338BD29AD5520009C073D /* MatchEmScene */,
				AC6338D429AD5522009C073D /* MatchEmSceneTests */,
				AC6338DE29AD5522009C073D /* MatchEmSceneUITests */,
				AC6338BC29AD5520009C073D /* Products */,
			);
			sourceTree = "<group>";
		};
		AC6338BC29AD5520009C073D /* Products */ = {
			isa = PBXGroup;
			children = (
				AC6338BB29AD5520009C073D /* MatchEmScene.app */,
				AC6338D129AD5522009C073D /* MatchEmSceneTests.xctest */,
				AC6338DB29AD5522009C073D /* MatchEmSceneUITests.xctest */,
			);
			name = Products;
			sourceTree = "<group>";
		};
		AC6338BD29AD5520009C073D /* MatchEmScene */ = {
			isa = PBXGroup;
			children = (
				AC6338BE29AD5520009C073D /* AppDelegate.swift */,
				AC6338C029AD5520009C073D /* SceneDelegate.swift */,
				AC6338C229AD5520009C073D /* GameSceneViewController.swift */,
				AC6338C429AD5520009C073D /* Main.storyboard */,
				AC6338C729AD5521009C073D /* Assets.xcassets */,
				AC6338C929AD5522009C073D /* LaunchScreen.storyboard */,
				AC6338CC29AD5522009C073D /* Info.plist */,
				AC6338EE29AD5566009C073D /* Utility.swift */,
			);
			path = MatchEmScene;
			sourceTree = "<group>";
		};
		AC6338D429AD5522009C073D /* MatchEmSceneTests */ = {
			isa = PBXGroup;
			children = (
				AC6338D529AD5522009C073D /* MatchEmSceneTests.swift */,
			);
			path = MatchEmSceneTests;
			sourceTree = "<group>";
		};
		AC6338DE29AD5522009C073D /* MatchEmSceneUITests */ = {
			isa = PBXGroup;
			children = (
				AC6338DF29AD5522009C073D /* MatchEmSceneUITests.swift */,
				AC6338E129AD5522009C073D /* MatchEmSceneUITestsLaunchTests.swift */,
			);
			path = MatchEmSceneUITests;
			sourceTree = "<group>";
		};
/* End PBXGroup section */

/* Begin PBXNativeTarget section */
		AC6338BA29AD5520009C073D /* MatchEmScene */ = {
			isa = PBXNativeTarget;
			buildConfigurationList = AC6338E529AD5522009C073D /* Build configuration list for PBXNativeTarget "MatchEmScene" */;
			buildPhases = (
				AC6338B729AD5520009C073D /* Sources */,
				AC6338B829AD5520009C073D /* Frameworks */,
				AC6338B929AD5520009C073D /* Resources */,
			);
			buildRules = (
			);
			dependencies = (
			);
			name = MatchEmScene;
			productName = MatchEmScene;
			productReference = AC6338BB29AD5520009C073D /* MatchEmScene.app */;
			productType = "com.apple.product-type.application";
		};
		AC6338D029AD5522009C073D /* MatchEmSceneTests */ = {
			isa = PBXNativeTarget;
			buildConfigurationList = AC6338E829AD5522009C073D /* Build configuration list for PBXNativeTarget "MatchEmSceneTests" */;
			buildPhases = (
				AC6338CD29AD5522009C073D /* Sources */,
				AC6338CE29AD5522009C073D /* Frameworks */,
				AC6338CF29AD5522009C073D /* Resources */,
			);
			buildRules = (
			);
			dependencies = (
				AC6338D329AD5522009C073D /* PBXTargetDependency */,
			);
			name = MatchEmSceneTests;
			productName = MatchEmSceneTests;
			productReference = AC6338D129AD5522009C073D /* MatchEmSceneTests.xctest */;
			productType = "com.apple.product-type.bundle.unit-test";
		};
		AC6338DA29AD5522009C073D /* MatchEmSceneUITests */ = {
			isa = PBXNativeTarget;
			buildConfigurationList = AC6338EB29AD5522009C073D /* Build configuration list for PBXNativeTarget "MatchEmSceneUITests" */;
			buildPhases = (
				AC6338D729AD5522009C073D /* Sources */,
				AC6338D829AD5522009C073D /* Frameworks */,
				AC6338D929AD5522009C073D /* Resources */,
			);
			buildRules = (
			);
			dependencies = (
				AC6338DD29AD5522009C073D /* PBXTargetDependency */,
			);
			name = MatchEmSceneUITests;
			productName = MatchEmSceneUITests;
			productReference = AC6338DB29AD5522009C073D /* MatchEmSceneUITests.xctest */;
			productType = "com.apple.product-type.bundle.ui-testing";
		};
/* End PBXNativeTarget section */

/* Begin PBXProject section */
		AC6338B329AD5520009C073D /* Project object */ = {
			isa = PBXProject;
			attributes = {
				BuildIndependentTargetsInParallel = 1;
				LastSwiftUpdateCheck = 1410;
				LastUpgradeCheck = 1410;
				TargetAttributes = {
					AC6338BA29AD5520009C073D = {
						CreatedOnToolsVersion = 14.1;
					};
					AC6338D029AD5522009C073D = {
						CreatedOnToolsVersion = 14.1;
						TestTargetID = AC6338BA29AD5520009C073D;
					};
					AC6338DA29AD5522009C073D = {
						CreatedOnToolsVersion = 14.1;
						TestTargetID = AC6338BA29AD5520009C073D;
					};
				};
			};
			buildConfigurationList = AC6338B629AD5520009C073D /* Build configuration list for PBXProject "MatchEmScene" */;
			compatibilityVersion = "Xcode 14.0";
			developmentRegion = en;
			hasScannedForEncodings = 0;
			knownRegions = (
				en,
				Base,
			);
			mainGroup = AC6338B229AD5520009C073D;
			productRefGroup = AC6338BC29AD5520009C073D /* Products */;
			projectDirPath = "";
			projectRoot = "";
			targets = (
				AC6338BA29AD5520009C073D /* MatchEmScene */,
				AC6338D029AD5522009C073D /* MatchEmSceneTests */,
				AC6338DA29AD5522009C073D /* MatchEmSceneUITests */,
			);
		};
/* End PBXProject section */

/* Begin PBXResourcesBuildPhase section */
		AC6338B929AD5520009C073D /* Resources */ = {
			isa = PBXResourcesBuildPhase;
			buildActionMask = 2147483647;
			files = (
				AC6338CB29AD5522009C073D /* LaunchScreen.storyboard in Resources */,
				AC6338C829AD5521009C073D /* Assets.xcassets in Resources */,
				AC6338C629AD5520009C073D /* Main.storyboard in Resources */,
			);
			runOnlyForDeploymentPostprocessing = 0;
		};
		AC6338CF29AD5522009C073D /* Resources */ = {
			isa = PBXResourcesBuildPhase;
			buildActionMask = 2147483647;
			files = (
			);
			runOnlyForDeploymentPostprocessing = 0;
		};
		AC6338D929AD5522009C073D /* Resources */ = {
			isa = PBXResourcesBuildPhase;
			buildActionMask = 2147483647;
			files = (
			);
			runOnlyForDeploymentPostprocessing = 0;
		};
/* End PBXResourcesBuildPhase section */

/* Begin PBXSourcesBuildPhase section */
		AC6338B729AD5520009C073D /* Sources */ = {
			isa = PBXSourcesBuildPhase;
			buildActionMask = 2147483647;
			files = (
				AC6338EF29AD5566009C073D /* Utility.swift in Sources */,
				AC6338C329AD5520009C073D /* GameSceneViewController.swift in Sources */,
				AC6338BF29AD5520009C073D /* AppDelegate.swift in Sources */,
				AC6338C129AD5520009C073D /* SceneDelegate.swift in Sources */,
			);
			runOnlyForDeploymentPostprocessing = 0;
		};
		AC6338CD29AD5522009C073D /* Sources */ = {
			isa = PBXSourcesBuildPhase;
			buildActionMask = 2147483647;
			files = (
				AC6338D629AD5522009C073D /* MatchEmSceneTests.swift in Sources */,
			);
			runOnlyForDeploymentPostprocessing = 0;
		};
		AC6338D729AD5522009C073D /* Sources */ = {
			isa = PBXSourcesBuildPhase;
			buildActionMask = 2147483647;
			files = (
				AC6338E029AD5522009C073D /* MatchEmSceneUITests.swift in Sources */,
				AC6338E229AD5522009C073D /* MatchEmSceneUITestsLaunchTests.swift in Sources */,
			);
			runOnlyForDeploymentPostprocessing = 0;
		};
/* End PBXSourcesBuildPhase section */

/* Begin PBXTargetDependency section */
		AC6338D329AD5522009C073D /* PBXTargetDependency */ = {
			isa = PBXTargetDependency;
			target = AC6338BA29AD5520009C073D /* MatchEmScene */;
			targetProxy = AC6338D229AD5522009C073D /* PBXContainerItemProxy */;
		};
		AC6338DD29AD5522009C073D /* PBXTargetDependency */ = {
			isa = PBXTargetDependency;
			target = AC6338BA29AD5520009C073D /* MatchEmScene */;
			targetProxy = AC6338DC29AD5522009C073D /* PBXContainerItemProxy */;
		};
/* End PBXTargetDependency section */

/* Begin PBXVariantGroup section */
		AC6338C429AD5520009C073D /* Main.storyboard */ = {
			isa = PBXVariantGroup;
			children = (
				AC6338C529AD5520009C073D /* Base */,
			);
			name = Main.storyboard;
			sourceTree = "<group>";
		};
		AC6338C929AD5522009C073D /* LaunchScreen.storyboard */ = {
			isa = PBXVariantGroup;
			children = (
				AC6338CA29AD5522009C073D /* Base */,
			);
			name = LaunchScreen.storyboard;
			sourceTree = "<group>";
		};
/* End PBXVariantGroup section */

/* Begin XCBuildConfiguration section */
		AC6338E329AD5522009C073D /* Debug */ = {
			isa = XCBuildConfiguration;
			buildSettings = {
				ALWAYS_SEARCH_USER_PATHS = NO;
				CLANG_ANALYZER_NONNULL = YES;
				CLANG_ANALYZER_NUMBER_OBJECT_CONVERSION = YES_AGGRESSIVE;
				CLANG_CXX_LANGUAGE_STANDARD = "gnu++20";
				CLANG_ENABLE_MODULES = YES;
				CLANG_ENABLE_OBJC_ARC = YES;
				CLANG_ENABLE_OBJC_WEAK = YES;
				CLANG_WARN_BLOCK_CAPTURE_AUTORELEASING = YES;
				CLANG_WARN_BOOL_CONVERSION = YES;
				CLANG_WARN_COMMA = YES;
				CLANG_WARN_CONSTANT_CONVERSION = YES;
				CLANG_WARN_DEPRECATED_OBJC_IMPLEMENTATIONS = YES;
				CLANG_WARN_DIRECT_OBJC_ISA_USAGE = YES_ERROR;
				CLANG_WARN_DOCUMENTATION_COMMENTS = YES;
				CLANG_WARN_EMPTY_BODY = YES;
				CLANG_WARN_ENUM_CONVERSION = YES;
				CLANG_WARN_INFINITE_RECURSION = YES;
				CLANG_WARN_INT_CONVERSION = YES;
				CLANG_WARN_NON_LITERAL_NULL_CONVERSION = YES;
				CLANG_WARN_OBJC_IMPLICIT_RETAIN_SELF = YES;
				CLANG_WARN_OBJC_LITERAL_CONVERSION = YES;
				CLANG_WARN_OBJC_ROOT_CLASS = YES_ERROR;
				CLANG_WARN_QUOTED_INCLUDE_IN_FRAMEWORK_HEADER = YES;
				CLANG_WARN_RANGE_LOOP_ANALYSIS = YES;
				CLANG_WARN_STRICT_PROTOTYPES = YES;
				CLANG_WARN_SUSPICIOUS_MOVE = YES;
				CLANG_WARN_UNGUARDED_AVAILABILITY = YES_AGGRESSIVE;
				CLANG_WARN_UNREACHABLE_CODE = YES;
				CLANG_WARN__DUPLICATE_METHOD_MATCH = YES;
				COPY_PHASE_STRIP = NO;
				DEBUG_INFORMATION_FORMAT = dwarf;
				ENABLE_STRICT_OBJC_MSGSEND = YES;
				ENABLE_TESTABILITY = YES;
				GCC_C_LANGUAGE_STANDARD = gnu11;
				GCC_DYNAMIC_NO_PIC = NO;
				GCC_NO_COMMON_BLOCKS = YES;
				GCC_OPTIMIZATION_LEVEL = 0;
				GCC_PREPROCESSOR_DEFINITIONS = (
					"DEBUG=1",
					"$(inherited)",
				);
				GCC_WARN_64_TO_32_BIT_CONVERSION = YES;
				GCC_WARN_ABOUT_RETURN_TYPE = YES_ERROR;
				GCC_WARN_UNDECLARED_SELECTOR = YES;
				GCC_WARN_UNINITIALIZED_AUTOS = YES_AGGRESSIVE;
				GCC_WARN_UNUSED_FUNCTION = YES;
				GCC_WARN_UNUSED_VARIABLE = YES;
				IPHONEOS_DEPLOYMENT_TARGET = 16.1;
				MTL_ENABLE_DEBUG_INFO = INCLUDE_SOURCE;
				MTL_FAST_MATH = YES;
				ONLY_ACTIVE_ARCH = YES;
				SDKROOT = iphoneos;
				SWIFT_ACTIVE_COMPILATION_CONDITIONS = DEBUG;
				SWIFT_OPTIMIZATION_LEVEL = "-Onone";
			};
			name = Debug;
		};
		AC6338E429AD5522009C073D /* Release */ = {
			isa = XCBuildConfiguration;
			buildSettings = {
				ALWAYS_SEARCH_USER_PATHS = NO;
				CLANG_ANALYZER_NONNULL = YES;
				CLANG_ANALYZER_NUMBER_OBJECT_CONVERSION = YES_AGGRESSIVE;
				CLANG_CXX_LANGUAGE_STANDARD = "gnu++20";
				CLANG_ENABLE_MODULES = YES;
				CLANG_ENABLE_OBJC_ARC = YES;
				CLANG_ENABLE_OBJC_WEAK = YES;
				CLANG_WARN_BLOCK_CAPTURE_AUTORELEASING = YES;
				CLANG_WARN_BOOL_CONVERSION = YES;
				CLANG_WARN_COMMA = YES;
				CLANG_WARN_CONSTANT_CONVERSION = YES;
				CLANG_WARN_DEPRECATED_OBJC_IMPLEMENTATIONS = YES;
				CLANG_WARN_DIRECT_OBJC_ISA_USAGE = YES_ERROR;
				CLANG_WARN_DOCUMENTATION_COMMENTS = YES;
				CLANG_WARN_EMPTY_BODY = YES;
				CLANG_WARN_ENUM_CONVERSION = YES;
				CLANG_WARN_INFINITE_RECURSION = YES;
				CLANG_WARN_INT_CONVERSION = YES;
				CLANG_WARN_NON_LITERAL_NULL_CONVERSION = YES;
				CLANG_WARN_OBJC_IMPLICIT_RETAIN_SELF = YES;
				CLANG_WARN_OBJC_LITERAL_CONVERSION = YES;
				CLANG_WARN_OBJC_ROOT_CLASS = YES_ERROR;
				CLANG_WARN_QUOTED_INCLUDE_IN_FRAMEWORK_HEADER = YES;
				CLANG_WARN_RANGE_LOOP_ANALYSIS = YES;
				CLANG_WARN_STRICT_PROTOTYPES = YES;
				CLANG_WARN_SUSPICIOUS_MOVE = YES;
				CLANG_WARN_UNGUARDED_AVAILABILITY = YES_AGGRESSIVE;
				CLANG_WARN_UNREACHABLE_CODE = YES;
				CLANG_WARN__DUPLICATE_METHOD_MATCH = YES;
				COPY_PHASE_STRIP = NO;
				DEBUG_INFORMATION_FORMAT = "dwarf-with-dsym";
				ENABLE_NS_ASSERTIONS = NO;
				ENABLE_STRICT_OBJC_MSGSEND = YES;
				GCC_C_LANGUAGE_STANDARD = gnu11;
				GCC_NO_COMMON_BLOCKS = YES;
				GCC_WARN_64_TO_32_BIT_CONVERSION = YES;
				GCC_WARN_ABOUT_RETURN_TYPE = YES_ERROR;
				GCC_WARN_UNDECLARED_SELECTOR = YES;
				GCC_WARN_UNINITIALIZED_AUTOS = YES_AGGRESSIVE;
				GCC_WARN_UNUSED_FUNCTION = YES;
				GCC_WARN_UNUSED_VARIABLE = YES;
				IPHONEOS_DEPLOYMENT_TARGET = 16.1;
				MTL_ENABLE_DEBUG_INFO = NO;
				MTL_FAST_MATH = YES;
				SDKROOT = iphoneos;
				SWIFT_COMPILATION_MODE = wholemodule;
				SWIFT_OPTIMIZATION_LEVEL = "-O";
				VALIDATE_PRODUCT = YES;
			};
			name = Release;
		};
		AC6338E629AD5522009C073D /* Debug */ = {
			isa = XCBuildConfiguration;
			buildSettings = {
				ASSETCATALOG_COMPILER_APPICON_NAME = AppIcon;
				ASSETCATALOG_COMPILER_GLOBAL_ACCENT_COLOR_NAME = AccentColor;
				CODE_SIGN_STYLE = Automatic;
				CURRENT_PROJECT_VERSION = 1;
				DEVELOPMENT_TEAM = 6LS7A87Q2V;
				GENERATE_INFOPLIST_FILE = YES;
				INFOPLIST_FILE = MatchEmScene/Info.plist;
				INFOPLIST_KEY_UIApplicationSupportsIndirectInputEvents = YES;
				INFOPLIST_KEY_UILaunchStoryboardName = LaunchScreen;
				INFOPLIST_KEY_UIMainStoryboardFile = Main;
				INFOPLIST_KEY_UISupportedInterfaceOrientations_iPad = "UIInterfaceOrientationPortrait UIInterfaceOrientationPortraitUpsideDown UIInterfaceOrientationLandscapeLeft UIInterfaceOrientationLandscapeRight";
				INFOPLIST_KEY_UISupportedInterfaceOrientations_iPhone = "UIInterfaceOrientationPortrait UIInterfaceOrientationLandscapeLeft UIInterfaceOrientationLandscapeRight";
				LD_RUNPATH_SEARCH_PATHS = (
					"$(inherited)",
					"@executable_path/Frameworks",
				);
				MARKETING_VERSION = 1.0;
				PRODUCT_BUNDLE_IDENTIFIER = "Devionne-Littleton.MatchEmScene";
				PRODUCT_NAME = "$(TARGET_NAME)";
				SWIFT_EMIT_LOC_STRINGS = YES;
				SWIFT_VERSION = 5.0;
				TARGETED_DEVICE_FAMILY = "1,2";
			};
			name = Debug;
		};
		AC6338E729AD5522009C073D /* Release */ = {
			isa = XCBuildConfiguration;
			buildSettings = {
				ASSETCATALOG_COMPILER_APPICON_NAME = AppIcon;
				ASSETCATALOG_COMPILER_GLOBAL_ACCENT_COLOR_NAME = AccentColor;
				CODE_SIGN_STYLE = Automatic;
				CURRENT_PROJECT_VERSION = 1;
				DEVELOPMENT_TEAM = 6LS7A87Q2V;
				GENERATE_INFOPLIST_FILE = YES;
				INFOPLIST_FILE = MatchEmScene/Info.plist;
				INFOPLIST_KEY_UIApplicationSupportsIndirectInputEvents = YES;
				INFOPLIST_KEY_UILaunchStoryboardName = LaunchScreen;
				INFOPLIST_KEY_UIMainStoryboardFile = Main;
				INFOPLIST_KEY_UISupportedInterfaceOrientations_iPad = "UIInterfaceOrientationPortrait UIInterfaceOrientationPortraitUpsideDown UIInterfaceOrientationLandscapeLeft UIInterfaceOrientationLandscapeRight";
				INFOPLIST_KEY_UISupportedInterfaceOrientations_iPhone = "UIInterfaceOrientationPortrait UIInterfaceOrientationLandscapeLeft UIInterfaceOrientationLandscapeRight";
				LD_RUNPATH_SEARCH_PATHS = (
					"$(inherited)",
					"@executable_path/Frameworks",
				);
				MARKETING_VERSION = 1.0;
				PRODUCT_BUNDLE_IDENTIFIER = "Devionne-Littleton.MatchEmScene";
				PRODUCT_NAME = "$(TARGET_NAME)";
				SWIFT_EMIT_LOC_STRINGS = YES;
				SWIFT_VERSION = 5.0;
				TARGETED_DEVICE_FAMILY = "1,2";
			};
			name = Release;
		};
		AC6338E929AD5522009C073D /* Debug */ = {
			isa = XCBuildConfiguration;
			buildSettings = {
				ALWAYS_EMBED_SWIFT_STANDARD_LIBRARIES = YES;
				BUNDLE_LOADER = "$(TEST_HOST)";
				CODE_SIGN_STYLE = Automatic;
				CURRENT_PROJECT_VERSION = 1;
				DEVELOPMENT_TEAM = 6LS7A87Q2V;
				GENERATE_INFOPLIST_FILE = YES;
				IPHONEOS_DEPLOYMENT_TARGET = 16.1;
				MARKETING_VERSION = 1.0;
				PRODUCT_BUNDLE_IDENTIFIER = "Devionne-Littleton.MatchEmSceneTests";
				PRODUCT_NAME = "$(TARGET_NAME)";
				SWIFT_EMIT_LOC_STRINGS = NO;
				SWIFT_VERSION = 5.0;
				TARGETED_DEVICE_FAMILY = "1,2";
				TEST_HOST = "$(BUILT_PRODUCTS_DIR)/MatchEmScene.app/$(BUNDLE_EXECUTABLE_FOLDER_PATH)/MatchEmScene";
			};
			name = Debug;
		};
		AC6338EA29AD5522009C073D /* Release */ = {
			isa = XCBuildConfiguration;
			buildSettings = {
				ALWAYS_EMBED_SWIFT_STANDARD_LIBRARIES = YES;
				BUNDLE_LOADER = "$(TEST_HOST)";
				CODE_SIGN_STYLE = Automatic;
				CURRENT_PROJECT_VERSION = 1;
				DEVELOPMENT_TEAM = 6LS7A87Q2V;
				GENERATE_INFOPLIST_FILE = YES;
				IPHONEOS_DEPLOYMENT_TARGET = 16.1;
				MARKETING_VERSION = 1.0;
				PRODUCT_BUNDLE_IDENTIFIER = "Devionne-Littleton.MatchEmSceneTests";
				PRODUCT_NAME = "$(TARGET_NAME)";
				SWIFT_EMIT_LOC_STRINGS = NO;
				SWIFT_VERSION = 5.0;
				TARGETED_DEVICE_FAMILY = "1,2";
				TEST_HOST = "$(BUILT_PRODUCTS_DIR)/MatchEmScene.app/$(BUNDLE_EXECUTABLE_FOLDER_PATH)/MatchEmScene";
			};
			name = Release;
		};
		AC6338EC29AD5522009C073D /* Debug */ = {
			isa = XCBuildConfiguration;
			buildSettings = {
				ALWAYS_EMBED_SWIFT_STANDARD_LIBRARIES = YES;
				CODE_SIGN_STYLE = Automatic;
				CURRENT_PROJECT_VERSION = 1;
				DEVELOPMENT_TEAM = 6LS7A87Q2V;
				GENERATE_INFOPLIST_FILE = YES;
				MARKETING_VERSION = 1.0;
				PRODUCT_BUNDLE_IDENTIFIER = "Devionne-Littleton.MatchEmSceneUITests";
				PRODUCT_NAME = "$(TARGET_NAME)";
				SWIFT_EMIT_LOC_STRINGS = NO;
				SWIFT_VERSION = 5.0;
				TARGETED_DEVICE_FAMILY = "1,2";
				TEST_TARGET_NAME = MatchEmScene;
			};
			name = Debug;
		};
		AC6338ED29AD5522009C073D /* Release */ = {
			isa = XCBuildConfiguration;
			buildSettings = {
				ALWAYS_EMBED_SWIFT_STANDARD_LIBRARIES = YES;
				CODE_SIGN_STYLE = Automatic;
				CURRENT_PROJECT_VERSION = 1;
				DEVELOPMENT_TEAM = 6LS7A87Q2V;
				GENERATE_INFOPLIST_FILE = YES;
				MARKETING_VERSION = 1.0;
				PRODUCT_BUNDLE_IDENTIFIER = "Devionne-Littleton.MatchEmSceneUITests";
				PRODUCT_NAME = "$(TARGET_NAME)";
				SWIFT_EMIT_LOC_STRINGS = NO;
				SWIFT_VERSION = 5.0;
				TARGETED_DEVICE_FAMILY = "1,2";
				TEST_TARGET_NAME = MatchEmScene;
			};
			name = Release;
		};
/* End XCBuildConfiguration section */

/* Begin XCConfigurationList section */
		AC6338B629AD5520009C073D /* Build configuration list for PBXProject "MatchEmScene" */ = {
			isa = XCConfigurationList;
			buildConfigurations = (
				AC6338E329AD5522009C073D /* Debug */,
				AC6338E429AD5522009C073D /* Release */,
			);
			defaultConfigurationIsVisible = 0;
			defaultConfigurationName = Release;
		};
		AC6338E529AD5522009C073D /* Build configuration list for PBXNativeTarget "MatchEmScene" */ = {
			isa = XCConfigurationList;
			buildConfigurations = (
				AC6338E629AD5522009C073D /* Debug */,
				AC6338E729AD5522009C073D /* Release */,
			);
			defaultConfigurationIsVisible = 0;
			defaultConfigurationName = Release;
		};
		AC6338E829AD5522009C073D /* Build configuration list for PBXNativeTarget "MatchEmSceneTests" */ = {
			isa = XCConfigurationList;
			buildConfigurations = (
				AC6338E929AD5522009C073D /* Debug */,
				AC6338EA29AD5522009C073D /* Release */,
			);
			defaultConfigurationIsVisible = 0;
			defaultConfigurationName = Release;
		};
		AC6338EB29AD5522009C073D /* Build configuration list for PBXNativeTarget "MatchEmSceneUITests" */ = {
			isa = XCConfigurationList;
			buildConfigurations = (
				AC6338EC29AD5522009C073D /* Debug */,
				AC6338ED29AD5522009C073D /* Release */,
			);
			defaultConfigurationIsVisible = 0;
			defaultConfigurationName = Release;
		};
/* End XCConfigurationList section */
	};
	rootObject = AC6338B329AD5520009C073D /* Project object */;
}
